github.com/360EntSecGroup-Skylar/excelize/v2 v2.0.2 h1:StMrA6UQ5Cm6206DxXGuV/NMqSIOIDoMXMYt8JPe1lE=
github.com/360EntSecGroup-Skylar/excelize/v2 v2.0.2/go.mod h1:EfRHD2k+Kd7ijnqlwOrH1IifwgWB9yYJ0pdXtBZmlpU=
github.com/biogo/biogo v1.0.2 h1:PtMOoOb1ZrSjGMdwDa2VP3Y1QKC5uvWMrU4HThm1uys=
github.com/biogo/biogo v1.0.2/go.mod h1:p+GFIiT20kY9/fPydaNTQW85a25lBqb0GzoDN5tEoPc=
github.com/biogo/graph v0.0.0-20150317020928-057c1989faed/go.mod h1:UuyD2swDzTz1ChZTQld42mP5pyePLSDccmGycTpxRew=
github.com/biogo/store v0.0.0-20200104231603-2c6ad937eb83/go.mod h1:wdbXg77soR6ESRprAMEwAQDFtLT6EAGF5o1GRy0cB5k=
github.com/davecgh/go-spew v1.1.0/go.mod h1:J7Y8YcW2NihsgmVo/mv3lAwl/skON4iLHjSsI+c5H38=
github.com/davecgh/go-spew v1.1.1 h1:vj9j/u1bqnvCEfJOwUhtlOARqs3+rkHYY13jYWTU97c=
github.com/davecgh/go-spew v1.1.1/go.mod h1:J7Y8YcW2NihsgmVo/mv3lAwl/skON4iLHjSsI+c5H38=
github.com/dustin/go-humanize v1.0.0 h1:VSnTsYCnlFHaM2/igO1h6X3HA71jcobQuxemgkq4zYo=
github.com/dustin/go-humanize v1.0.0/go.mod h1:HtrtbFcZ19U5GC7JDqmcUSB87Iq5E25KnS6fMYU6eOk=
github.com/kr/pretty v0.1.0/go.mod h1:dAy3ld7l9f0ibDNOQOHHMYYIIbhfbHSm3C4ZsoJORNo=
github.com/kr/pretty v0.2.0 h1:s5hAObm+yFO5uHYt5dYjxi2rXrsnmRpJx4OYvIWUaQs=
github.com/kr/pretty v0.2.0/go.mod h1:ipq/a2n7PKx3OHsz4KJII5eveXtPO4qwEXGdVfWzfnI=
github.com/kr/pty v1.1.1/go.mod h1:pFQYn66WHrOpPYNljwOMqo10TkYh1fy3cYio2l3bCsQ=
github.com/kr/text v0.1.0 h1:45sCR5RtlFHMR4UwH9sdQ5TC8v0qDQCHnXt+kaKSTVE=
github.com/kr/text v0.1.0/go.mod h1:4Jbv+DJW3UT/LiOwJeYQe1efqtUx/iVham/4vfdArNI=
github.com/liserjrqlxue/crypto v0.0.0-20181031021947-e63cf1f4c48a h1:X426M/nxnJCn+oldhp46t0d32tPbe45nceknkNHJPZw=
github.com/liserjrqlxue/crypto v0.0.0-20181031021947-e63cf1f4c48a/go.mod h1:qvcMQlmh7T1pUIMd+yApE6UStkSRNMy2XGpYl4/lP7w=
github.com/liserjrqlxue/simple-util v1.0.1 h1:ay04pE53DBlEfOZs2hVc9740IWPraENT5K9O3phAERs=
github.com/liserjrqlxue/simple-util v1.0.1/go.mod h1:ey/p7J5Alkog8G2E6vRIea4DkvJQc1ibRXzNbrYuEUI=
github.com/mohae/deepcopy v0.0.0-20170929034955-c48cc78d4826 h1:RWengNIwukTxcDr9M+97sNutRR1RKhG96O6jWumTTnw=
github.com/mohae/deepcopy v0.0.0-20170929034955-c48cc78d4826/go.mod h1:TaXosZuwdSHYgviHp1DAtfrULt5eUgsSMsZf+YrPgl8=
github.com/pmezard/go-difflib v1.0.0 h1:4DBwDE0NGyQoBHbLQYPwSUPoCMWR5BEzIk/f1lZbAQM=
github.com/pmezard/go-difflib v1.0.0/go.mod h1:iKH77koFhYxTK1pcRnkKkqfTogsbg7gZNVY4sRDYZ/4=
github.com/stretchr/objx v0.1.0/go.mod h1:HFkY916IF+rwdDfMAkV7OtwuqBVzrE8GR6GFx+wExME=
github.com/stretchr/testify v1.3.0 h1:TivCn/peBQ7UY8ooIcPgZFpTNSz0Q2U6UrFlUfqbe0Q=
github.com/stretchr/testify v1.3.0/go.mod h1:M5WIy9Dh21IEIfnGCwXGc5bZfKNJtfHm1UVUgZn+9EI=
github.com/tealeg/xlsx v1.0.5 h1:+f8oFmvY8Gw1iUXzPk+kz+4GpbDZPK1FhPiQRd+ypgE=
github.com/tealeg/xlsx v1.0.5/go.mod h1:btRS8dz54TDnvKNosuAqxrM1QgN1udgk9O34bDCnORM=
golang.org/x/image v0.0.0-20190910094157-69e4b8554b2a h1:gHevYm0pO4QUbwy8Dmdr01R5r1BuKtfYqRqF0h/Cbh0=
golang.org/x/image v0.0.0-20190910094157-69e4b8554b2a/go.mod h1:FeLwcggjj3mMvU+oOTbSwawSJRM1uh48EjtB4UJZlP0=
golang.org/x/text v0.3.0/go.mod h1:NqM8EUOU14njkJ3fqMW+pc6Ldnwhi/IjpwHt7yyuwOQ=
gopkg.in/check.v1 v1.0.0-20190902080502-41f04d3bba15 h1:YR8cESwS4TdDjEe65xsg0ogRM/Nc3DYOhEAlW+xobZo=
gopkg.in/check.v1 v1.0.0-20190902080502-41f04d3bba15/go.mod h1:Co6ibVJAznAaIkqp8huTwlJQCZ016jof/cbN4VW5Yz0=
